github.com/Sirupsen/logrus v1.0.5 h1:447dy9LxSj+Iaa2uN3yoFHOzU9yJcJYiQPtNz8OXtv0=
github.com/Sirupsen/logrus v1.0.5/go.mod h1:rmk17hk6i8ZSAJkSDa7nOxamrG+SP4P0mm+DAvExv4U=
github.com/Songmu/timeout v0.0.2-0.20160217062028-84831c43cf48 h1:2BxRGyjhm9p9JwVQ3Xh+KB6nLdswleh+NujMRdd+oKw=
github.com/Songmu/timeout v0.0.2-0.20160217062028-84831c43cf48/go.mod h1:HUbpfjc2MgU7tXBcfE6Ta9Sk2NtKkZlr8G34/nhVYXE=
github.com/aws/aws-sdk-go v1.13.39 h1:24hcXhaSA3qIiJu+bsI5gi9ttxfvzjdr+UrBCdGCqm4=
github.com/aws/aws-sdk-go v1.13.39/go.mod h1:ZRmQr0FajVIyZ4ZzBYKG5P3ZqPz9IHG41ZoMu1ADI3k=
github.com/client9/reopen v0.0.0-20160619053521-4b86f9c0ead5 h1:46QA9E5dIKm6lNygBd+eSiLF32HsgjJwbA1IELhs5Vo=
github.com/client9/reopen v0.0.0-20160619053521-4b86f9c0ead5/go.mod h1:caXVCEr+lUtoN1FlsRiOWdfQtdRHIYfcb0ai8qKWtkQ=
github.com/codegangsta/cli v1.18.1 h1:VohEUscvOrgFKLWz3iq/OkBayUY3yG/wVUYQtj5RPes=
github.com/codegangsta/cli v1.18.1/go.mod h1:/qJNoX69yVSKu5o4jLyXAENLRyk1uhi7zkbQ3slBdOA=
github.com/codegangsta/inject v0.0.0-20150114235600-33e0aa1cb7c0 h1:sDMmm+q/3+BukdIpxwO365v/Rbspp2Nt5XntgQRXq8Q=
github.com/codegangsta/inject v0.0.0-20150114235600-33e0aa1cb7c0/go.mod h1:4Zcjuz89kmFXt9morQgcfYZAYZ5n8WHjt81YYWIwtTM=
github.com/codegangsta/martini v0.0.0-20160908070901-fe605b5cd210 h1:enaIJaP2+K5AfzWVjgpxdDzwhcGg1t6xg7BuJxLzGtY=
github.com/codegangsta/martini v0.0.0-20160908070901-fe605b5cd210/go.mod h1:0SkifPRh0YknjZR6LxtP+eMvgPwUI6DG8hE9U/3dW9E=
github.com/codegangsta/martini-contrib v0.0.0-20140208234550-8ce6181c2609 h1:aRxx5sQikIjKQPDVpYbEjaUSrj58MM5kfxX2wS9nNNQ=
github.com/codegangsta/martini-contrib v0.0.0-20140208234550-8ce6181c2609/go.mod h1:Hr/9ecwnTZD7izDjg7HoB5wOJ01ZbNo+ntSTza2hqR4=
github.com/davecgh/go-spew v0.0.0-20150619202934-2df174808ee0/go.mod h1:J7Y8YcW2NihsgmVo/mv3lAwl/skON4iLHjSsI+c5H38=
github.com/go-ini/ini v1.36.0 h1:63En8accP8FKkFZ77ztSfvQf9kGRJN3qBIdItP46RRk=
github.com/go-ini/ini v1.36.0/go.mod h1:ByCAeIL28uOIIG0E3PJtZPDL8WnHpFKFOtgjp+3Ies8=
github.com/go-martini/martini v0.0.0-20140519164645-49411a5b6468 h1:Se/FfS0xjB5rsDhsKfZf0R75vf7hRUHlJwAh0h63Kvw=
github.com/go-martini/martini v0.0.0-20140519164645-49411a5b6468/go.mod h1:/P9AEU963A2AYjv4d1V5eVL1CQbEJq6aCNHDDjibzu8=
github.com/golang/snappy v0.0.0-20170215233205-553a64147049 h1:K9KHZbXKpGydfDN0aZrsoHpLJlZsBrGMFWbgLDGnPZk=
github.com/golang/snappy v0.0.0-20170215233205-553a64147049/go.mod h1:/XxbfmMg8lxefKM7IXC3fBNl/7bRcc72aCRzEWrmP2Q=
github.com/jmespath/go-jmespath v0.0.0-20160202185014-0b12d6b521d8 h1:12VvqtR6Aowv3l/EQUlocDHW2Cp4G9WJVH7uyH8QFJE=
github.com/jmespath/go-jmespath v0.0.0-20160202185014-0b12d6b521d8/go.mod h1:Nht3zPeWKUH0NzdCt2Blrr5ys8VGpn0CEB0cQHVjt7k=
github.com/martini-contrib/binding v0.0.0-20160701174519-05d3e151b6cf h1:6YSkbjZVghliN7zwJC/U3QQG+OVXOrij3qQ8sxfPIMg=
github.com/martini-contrib/binding v0.0.0-20160701174519-05d3e151b6cf/go.mod h1:aCggxkm1kuifLw/LEQUbz91N1ZM6PhV7dz03xPQduZA=
github.com/pkg/errors v0.8.1 h1:iURUrRGxPUNPdy5/HRSm+Yj6okJ6UtLINN0Q9M4+h3I=
github.com/pkg/errors v0.8.1/go.mod h1:bwawxfHBFNV+L2hUp1rHADufV3IMtnDRdf1r5NINEl0=
github.com/pmezard/go-difflib v0.0.0-20151028094244-d8ed2627bdf0/go.mod h1:iKH77koFhYxTK1pcRnkKkqfTogsbg7gZNVY4sRDYZ/4=
github.com/stretchr/testify v1.1.3/go.mod h1:a8OnRcib4nhh0OaRAV+Yts87kKdq0PP7pXfy6kDkUVs=
github.com/syndtr/goleveldb v0.0.0-20170409015612-8c81ea47d4c4 h1:PoqFAtRY0Q02baZW5o00/NOTpTdTwVl+x1UnvpYK0Dc=
github.com/syndtr/goleveldb v0.0.0-20170409015612-8c81ea47d4c4/go.mod h1:Z4AUp2Km+PwemOoO/VB5AOx9XSsIItzFjoJlOSiYmn0=
golang.org/x/crypto v0.0.0-20180621125126-a49355c7e3f8 h1:h7zdf0RiEvWbYBKIx4b+q41xoUVnMmvsGZnIVE5syG8=
golang.org/x/crypto v0.0.0-20180621125126-a49355c7e3f8/go.mod h1:6SG95UA2DQfeDnfUPMdvaQW0Q7yPrPDi9nlGo2tz2b4=
golang.org/x/net v0.0.0-20160907153335-9313baa13d92 h1:4cKTHQmWqjgS2AMTqCt+8LvtEWOVGlxAiKdJFUvsrvY=
golang.org/x/net v0.0.0-20160907153335-9313baa13d92/go.mod h1:mL1N/T3taQHkDXs73rZJwtUhF3w3ftmwwsq0BUmARs4=
golang.org/x/sys v0.0.0-20180704094941-151529c776cd h1:KJQ1+cZBZLUUFD04lHVLuma4B5xAJP3LRGuqw08fV2E=
golang.org/x/sys v0.0.0-20180704094941-151529c776cd/go.mod h1:STP8DvDyc/dI5b8T5hshtkjS+E42TnysNCUPdjciGhY=
gopkg.in/yaml.v2 v2.0.0-20160715033755-e4d366fc3c79 h1:mENkfeXGmLV7lIyBeNdwYWdONek7pH9yHaHMgZyvIWE=
gopkg.in/yaml.v2 v2.0.0-20160715033755-e4d366fc3c79/go.mod h1:JAlM8MvJe8wmxCU4Bli9HhUf9+ttbYbLASfIpnQbh74=
